
Microsoft Visual Studio Solution File, Format Version 12.00
# Visual Studio Version 16
VisualStudioVersion = 16.0.30413.136
MinimumVisualStudioVersion = 10.0.40219.1
Project("{FAE04EC0-301F-11D3-BF4B-00C04F79EFBC}") = "CSharpThreads", "CSharpThreads\CSharpThreads.csproj", "{CDDD5D34-A767-4C6F-9458-C17BC8A16F70}"
EndProject
Global
	GlobalSection(SolutionConfigurationPlatforms) = preSolution
		Debug|Any CPU = Debug|Any CPU
		Release|Any CPU = Release|Any CPU
	EndGlobalSection
	GlobalSection(ProjectConfigurationPlatforms) = postSolution
		{CDDD5D34-A767-4C6F-9458-C17BC8A16F70}.Debug|Any CPU.ActiveCfg = Debug|Any CPU
		{CDDD5D34-A767-4C6F-9458-C17BC8A16F70}.Debug|Any CPU.Build.0 = Debug|Any CPU
		{CDDD5D34-A767-4C6F-9458-C17BC8A16F70}.Release|Any CPU.ActiveCfg = Release|Any CPU
		{CDDD5D34-A767-4C6F-9458-C17BC8A16F70}.Release|Any CPU.Build.0 = Release|Any CPU
	EndGlobalSection
	GlobalSection(SolutionProperties) = preSolution
		HideSolutionNode = FALSE
	EndGlobalSection
	GlobalSection(ExtensibilityGlobals) = postSolution
		SolutionGuid = {27176D04-EC6E-4CA5-8C3E-17D28D43D8A4}
	EndGlobalSection
EndGlobal
